# THIS IS AN AUTOGENERATED FILE. DO NOT EDIT THIS FILE DIRECTLY.
# yarn lockfile v1


"@tinymce/tinymce-vue@^5.0.1":
  version "5.0.1"
  resolved "https://registry.yarnpkg.com/@tinymce/tinymce-vue/-/tinymce-vue-5.0.1.tgz#7092fb7f5ce9b407796dde791857a69b1deac719"
  integrity sha512-RzJflpf06VimGQNgCYMasS5+gEKTOs5ddOgrBuTGOMsHOeKBhMTim9ePjiwYpCpilyZgR5ZDyo5NfZgrKOHHEA==
  dependencies:
    tinymce "^6.0.0 || ^5.5.1"

"tinymce@^6.0.0 || ^5.5.1":
  version "6.3.2"
  resolved "https://registry.yarnpkg.com/tinymce/-/tinymce-6.3.2.tgz#aecee6273dc7556664a0d1664b5fe7ec818cfbb1"
  integrity sha512-nOVHk4FhHKQj48hi7fEptS1Se6CNzPtfIcDzTO70KoTcSiQIFzhhZjS5bPotSzFnQ4dIQJ4QPOd7sqNs6fXUrA==
