# THIS IS AN AUTOGENERATED FILE. DO NOT EDIT THIS FILE DIRECTLY.
# yarn lockfile v1


"@tinymce/tinymce-vue@^5.0.0":
  version "5.0.0"
  resolved "https://registry.yarnpkg.com/@tinymce/tinymce-vue/-/tinymce-vue-5.0.0.tgz#0cba42697f36fa425f231e181857149a0538bde9"
  integrity sha512-1HRCNa2eGdztOKShYAiHIry50LTU6YJG//qSP9AJElrXhb3BIBN0Bef6E56nZObVgwCgSmI4cnX35VU9D49aow==
  dependencies:
    tinymce "^6.0.0 || ^5.5.1"

"tinymce@^6.0.0 || ^5.5.1":
  version "6.3.2"
  resolved "https://registry.yarnpkg.com/tinymce/-/tinymce-6.3.2.tgz#aecee6273dc7556664a0d1664b5fe7ec818cfbb1"
  integrity sha512-nOVHk4FhHKQj48hi7fEptS1Se6CNzPtfIcDzTO70KoTcSiQIFzhhZjS5bPotSzFnQ4dIQJ4QPOd7sqNs6fXUrA==
